
Microsoft Visual Studio Solution File, Format Version 12.00
# Visual Studio Version 17
VisualStudioVersion = 17.4.33205.214
MinimumVisualStudioVersion = 10.0.40219.1
Project("{9A19103F-16F7-4668-BE54-9A1E7A4F7556}") = "BlazorMovies.Server", "BlazorMovies\Server\BlazorMovies.Server.csproj", "{CA4C1BB5-436F-416A-9F7F-8B02F1F5E62B}"
EndProject
Project("{9A19103F-16F7-4668-BE54-9A1E7A4F7556}") = "BlazorMovies.Client", "BlazorMovies\Client\BlazorMovies.Client.csproj", "{3C790205-C0F0-4896-87CE-417B3D6041D2}"
EndProject
Project("{9A19103F-16F7-4668-BE54-9A1E7A4F7556}") = "BlazorMovies.Shared", "BlazorMovies\Shared\BlazorMovies.Shared.csproj", "{48377C75-37A8-4FB7-BFA2-F7AF88AB490A}"
EndProject
Global
	GlobalSection(SolutionConfigurationPlatforms) = preSolution
		Debug|Any CPU = Debug|Any CPU
		Release|Any CPU = Release|Any CPU
	EndGlobalSection
	GlobalSection(ProjectConfigurationPlatforms) = postSolution
		{CA4C1BB5-436F-416A-9F7F-8B02F1F5E62B}.Debug|Any CPU.ActiveCfg = Debug|Any CPU
		{CA4C1BB5-436F-416A-9F7F-8B02F1F5E62B}.Debug|Any CPU.Build.0 = Debug|Any CPU
		{CA4C1BB5-436F-416A-9F7F-8B02F1F5E62B}.Release|Any CPU.ActiveCfg = Release|Any CPU
		{CA4C1BB5-436F-416A-9F7F-8B02F1F5E62B}.Release|Any CPU.Build.0 = Release|Any CPU
		{3C790205-C0F0-4896-87CE-417B3D6041D2}.Debug|Any CPU.ActiveCfg = Debug|Any CPU
		{3C790205-C0F0-4896-87CE-417B3D6041D2}.Debug|Any CPU.Build.0 = Debug|Any CPU
		{3C790205-C0F0-4896-87CE-417B3D6041D2}.Release|Any CPU.ActiveCfg = Release|Any CPU
		{3C790205-C0F0-4896-87CE-417B3D6041D2}.Release|Any CPU.Build.0 = Release|Any CPU
		{48377C75-37A8-4FB7-BFA2-F7AF88AB490A}.Debug|Any CPU.ActiveCfg = Debug|Any CPU
		{48377C75-37A8-4FB7-BFA2-F7AF88AB490A}.Debug|Any CPU.Build.0 = Debug|Any CPU
		{48377C75-37A8-4FB7-BFA2-F7AF88AB490A}.Release|Any CPU.ActiveCfg = Release|Any CPU
		{48377C75-37A8-4FB7-BFA2-F7AF88AB490A}.Release|Any CPU.Build.0 = Release|Any CPU
	EndGlobalSection
	GlobalSection(SolutionProperties) = preSolution
		HideSolutionNode = FALSE
	EndGlobalSection
	GlobalSection(ExtensibilityGlobals) = postSolution
		SolutionGuid = {887BB62A-C21E-436F-893D-411D646EE582}
	EndGlobalSection
EndGlobal
